
Microsoft Visual Studio Solution File, Format Version 12.00
# Visual Studio Version 17
VisualStudioVersion = 17.8.34408.163
MinimumVisualStudioVersion = 10.0.40219.1
Project("{FAE04EC0-301F-11D3-BF4B-00C04F79EFBC}") = "CarRentalManagementSystem", "CarRentalManagementSystem.csproj", "{D2FCDE99-7C88-4AAC-87A7-B3A440180DC3}"
EndProject
Global
	GlobalSection(SolutionConfigurationPlatforms) = preSolution
		Debug|Any CPU = Debug|Any CPU
		Release|Any CPU = Release|Any CPU
	EndGlobalSection
	GlobalSection(ProjectConfigurationPlatforms) = postSolution
		{D2FCDE99-7C88-4AAC-87A7-B3A440180DC3}.Debug|Any CPU.ActiveCfg = Debug|Any CPU
		{D2FCDE99-7C88-4AAC-87A7-B3A440180DC3}.Debug|Any CPU.Build.0 = Debug|Any CPU
		{D2FCDE99-7C88-4AAC-87A7-B3A440180DC3}.Release|Any CPU.ActiveCfg = Release|Any CPU
		{D2FCDE99-7C88-4AAC-87A7-B3A440180DC3}.Release|Any CPU.Build.0 = Release|Any CPU
	EndGlobalSection
	GlobalSection(SolutionProperties) = preSolution
		HideSolutionNode = FALSE
	EndGlobalSection
	GlobalSection(ExtensibilityGlobals) = postSolution
		SolutionGuid = {90EEF37C-9849-48BF-97E1-D171571CBA5D}
	EndGlobalSection
EndGlobal
